
Microsoft Visual Studio Solution File, Format Version 12.00
Project("{FAE04EC0-301F-11D3-BF4B-00C04F79EFBC}") = "LearningCenter", "LearningCenter\LearningCenter.csproj", "{73C50C76-D3C0-4001-97BB-7FCA86FA9EEC}"
EndProject
Global
	GlobalSection(SolutionConfigurationPlatforms) = preSolution
		Debug|Any CPU = Debug|Any CPU
		Release|Any CPU = Release|Any CPU
	EndGlobalSection
	GlobalSection(ProjectConfigurationPlatforms) = postSolution
		{73C50C76-D3C0-4001-97BB-7FCA86FA9EEC}.Debug|Any CPU.ActiveCfg = Debug|Any CPU
		{73C50C76-D3C0-4001-97BB-7FCA86FA9EEC}.Debug|Any CPU.Build.0 = Debug|Any CPU
		{73C50C76-D3C0-4001-97BB-7FCA86FA9EEC}.Release|Any CPU.ActiveCfg = Release|Any CPU
		{73C50C76-D3C0-4001-97BB-7FCA86FA9EEC}.Release|Any CPU.Build.0 = Release|Any CPU
	EndGlobalSection
EndGlobal
